{
  "nodes": {
    "home-manager": {
      "inputs": {
        "nixpkgs": [
          "nixpkgs"
        ]
      },
      "locked": {
        "lastModified": 1776889563,
        "narHash": "sha256-NiSQJ2n2El/oY+3Yu++5+v7pcwMF0wgYD7pDhmAhPmk=",
        "owner": "nix-community",
        "repo": "home-manager",
        "rev": "83b3ecce2eafc9082af7375b1a295070e199960a",
        "type": "github"
      },
      "original": {
        "owner": "nix-community",
        "repo": "home-manager",
        "type": "github"
      }
    },
    "nixpkgs": {
      "locked": {
        "lastModified": 1776548001,
        "narHash": "sha256-ZSK0NL4a1BwVbbTBoSnWgbJy9HeZFXLYQizjb2DPF24=",
        "owner": "nixos",
        "repo": "nixpkgs",
        "rev": "b12141ef619e0a9c1c84dc8c684040326f27cdcc",
        "type": "github"
      },
      "original": {
        "owner": "nixos",
        "ref": "nixos-unstable",
        "repo": "nixpkgs",
        "type": "github"
      }
    },
    "nixpkgs_2": {
      "locked": {
        "lastModified": 1776548001,
        "narHash": "sha256-ZSK0NL4a1BwVbbTBoSnWgbJy9HeZFXLYQizjb2DPF24=",
        "owner": "NixOS",
        "repo": "nixpkgs",
        "rev": "b12141ef619e0a9c1c84dc8c684040326f27cdcc",
        "type": "github"
      },
      "original": {
        "owner": "NixOS",
        "ref": "nixos-unstable",
        "repo": "nixpkgs",
        "type": "github"
      }
    },
    "root": {
      "inputs": {
        "home-manager": "home-manager",
        "nixpkgs": "nixpkgs",
        "runreveal-dots": "runreveal-dots"
      }
    },
    "runreveal-dots": {
      "inputs": {
        "nixpkgs": "nixpkgs_2"
      },
      "locked": {
        "lastModified": 1776702192,
        "narHash": "sha256-FOkQz0J2hgsIH5WLh7qferblhWAKDItG6dQKisLl2Gw=",
        "ref": "refs/heads/main",
        "rev": "ccf6fe17193cfd95504a5d268f1b0302d139fa5f",
        "revCount": 5,
        "type": "git",
        "url": "ssh://git@github.com/christianrang/runreveal-dots"
      },
      "original": {
        "type": "git",
        "url": "ssh://git@github.com/christianrang/runreveal-dots"
      }
    }
  },
  "root": "root",
  "version": 7
}
