{
  "nodes": {
    "hdmi-switch-cli": {
      "inputs": {
        "nixpkgs": "nixpkgs"
      },
      "locked": {
        "lastModified": 1777198835,
        "narHash": "sha256-xOcE83UYTCDIvUs43hEFK47JDz3Rn2u18bUWGGbG3E4=",
        "owner": "christianrang",
        "repo": "hdmi-switch-cli",
        "rev": "d75d92f6c42a7bc1f4b7b9d9e4a4aa3f21661785",
        "type": "github"
      },
      "original": {
        "owner": "christianrang",
        "repo": "hdmi-switch-cli",
        "type": "github"
      }
    },
    "home-manager": {
      "inputs": {
        "nixpkgs": [
          "nixpkgs"
        ]
      },
      "locked": {
        "lastModified": 1784546264,
        "narHash": "sha256-jxVr5EHMYAOkFvS2k0abIvt6NqyshyWmiHHzV17sT2g=",
        "owner": "nix-community",
        "repo": "home-manager",
        "rev": "e3dea8e4792b09a6c0eb5836b0284ad05b1acba0",
        "type": "github"
      },
      "original": {
        "owner": "nix-community",
        "repo": "home-manager",
        "type": "github"
      }
    },
    "nixpkgs": {
      "locked": {
        "lastModified": 1776548001,
        "narHash": "sha256-ZSK0NL4a1BwVbbTBoSnWgbJy9HeZFXLYQizjb2DPF24=",
        "owner": "NixOS",
        "repo": "nixpkgs",
        "rev": "b12141ef619e0a9c1c84dc8c684040326f27cdcc",
        "type": "github"
      },
      "original": {
        "owner": "NixOS",
        "ref": "nixos-unstable",
        "repo": "nixpkgs",
        "type": "github"
      }
    },
    "nixpkgs_2": {
      "locked": {
        "lastModified": 1784497964,
        "narHash": "sha256-vlHUuqAcbcH2RKmHbPiuQzbv1pnzzavXnI62RD0bqCU=",
        "owner": "nixos",
        "repo": "nixpkgs",
        "rev": "241313f4e8e508cb9b13278c2b0fa25b9ca27163",
        "type": "github"
      },
      "original": {
        "owner": "nixos",
        "ref": "nixos-unstable",
        "repo": "nixpkgs",
        "type": "github"
      }
    },
    "nixpkgs_3": {
      "locked": {
        "lastModified": 1781577229,
        "narHash": "sha256-lrp67w8AulE9Ks53n27I45ADSzbOCn4H+CNW1Ck8B+8=",
        "owner": "NixOS",
        "repo": "nixpkgs",
        "rev": "567a49d1913ce81ac6e9582e3553dd90a955875f",
        "type": "github"
      },
      "original": {
        "owner": "NixOS",
        "ref": "nixos-unstable",
        "repo": "nixpkgs",
        "type": "github"
      }
    },
    "reveal-src": {
      "flake": false,
      "locked": {
        "lastModified": 1781742268,
        "narHash": "sha256-HFgV8ARbsR+/hgMMK/gewIVuOI/UxKAr90Bs29r1GmM=",
        "ref": "refs/heads/main",
        "rev": "a8cdf16a4e549d823a368e4a606d8e0f3985ef70",
        "revCount": 4435,
        "type": "git",
        "url": "ssh://git@github.com/runreveal/runreveal"
      },
      "original": {
        "type": "git",
        "url": "ssh://git@github.com/runreveal/runreveal"
      }
    },
    "root": {
      "inputs": {
        "hdmi-switch-cli": "hdmi-switch-cli",
        "home-manager": "home-manager",
        "nixpkgs": "nixpkgs_2",
        "runreveal-dots": "runreveal-dots"
      }
    },
    "runreveal-dots": {
      "inputs": {
        "nixpkgs": "nixpkgs_3",
        "reveal-src": "reveal-src"
      },
      "locked": {
        "lastModified": 1784555290,
        "narHash": "sha256-AEovgpc0Cl4Ub2JiTjbSSzYRe/N2R5eLuBSdvf8Cb6c=",
        "ref": "refs/heads/main",
        "rev": "90c04aea62fcf348c2629301007f392916e7210d",
        "revCount": 15,
        "type": "git",
        "url": "ssh://git@github.com/christianrang/runreveal-dots"
      },
      "original": {
        "type": "git",
        "url": "ssh://git@github.com/christianrang/runreveal-dots"
      }
    }
  },
  "root": "root",
  "version": 7
}
